// !$*UTF8*$!
{
	archiveVersion = 1;
	classes = {
	};
	objectVersion = 55;
	objects = {

/* Begin PBXBuildFile section */
		511C995627650C2F009190E9 /* DataTest.swift in Sources */ = {isa = PBXBuildFile; fileRef = 511C995527650C2F009190E9 /* DataTest.swift */; };
		512624952768963F00AD65C0 /* AddCharModalRowString.swift in Sources */ = {isa = PBXBuildFile; fileRef = 512624942768963F00AD65C0 /* AddCharModalRowString.swift */; };
		512624972768BB8600AD65C0 /* AddCharModalRowInt.swift in Sources */ = {isa = PBXBuildFile; fileRef = 512624962768BB8600AD65C0 /* AddCharModalRowInt.swift */; };
		512BEB8B2763A41400698A06 /* DoesItHit5eApp.swift in Sources */ = {isa = PBXBuildFile; fileRef = 512BEB8A2763A41400698A06 /* DoesItHit5eApp.swift */; };
		512BEB8D2763A41400698A06 /* RootView.swift in Sources */ = {isa = PBXBuildFile; fileRef = 512BEB8C2763A41400698A06 /* RootView.swift */; };
		512BEB8F2763A41500698A06 /* Assets.xcassets in Resources */ = {isa = PBXBuildFile; fileRef = 512BEB8E2763A41500698A06 /* Assets.xcassets */; };
		512BEB922763A41500698A06 /* Preview Assets.xcassets in Resources */ = {isa = PBXBuildFile; fileRef = 512BEB912763A41500698A06 /* Preview Assets.xcassets */; };
		512BEB9C2763AB3800698A06 /* CharactersView.swift in Sources */ = {isa = PBXBuildFile; fileRef = 512BEB9B2763AB3800698A06 /* CharactersView.swift */; };
		512BEB9E2763AB4800698A06 /* EncountersView.swift in Sources */ = {isa = PBXBuildFile; fileRef = 512BEB9D2763AB4800698A06 /* EncountersView.swift */; };
		512BEBA02763AB5700698A06 /* CompendiumView.swift in Sources */ = {isa = PBXBuildFile; fileRef = 512BEB9F2763AB5700698A06 /* CompendiumView.swift */; };
		512BEBA22763AC1500698A06 /* Character.swift in Sources */ = {isa = PBXBuildFile; fileRef = 512BEBA12763AC1500698A06 /* Character.swift */; };
		512BEBA42763B13800698A06 /* CharStore.swift in Sources */ = {isa = PBXBuildFile; fileRef = 512BEBA32763B13800698A06 /* CharStore.swift */; };
		512BEBA62763B5C600698A06 /* Compendium.swift in Sources */ = {isa = PBXBuildFile; fileRef = 512BEBA52763B5C600698A06 /* Compendium.swift */; };
		512BEBA82763B5D400698A06 /* Items.swift in Sources */ = {isa = PBXBuildFile; fileRef = 512BEBA72763B5D400698A06 /* Items.swift */; };
		512BEBAA2763C5EA00698A06 /* CharacterRow.swift in Sources */ = {isa = PBXBuildFile; fileRef = 512BEBA92763C5EA00698A06 /* CharacterRow.swift */; };
		512D0400276A741900532A4F /* CompendiumItemRow.swift in Sources */ = {isa = PBXBuildFile; fileRef = 512D03FF276A741900532A4F /* CompendiumItemRow.swift */; };
		51CBA68C2767421B00CA4D57 /* CharacterDetailView.swift in Sources */ = {isa = PBXBuildFile; fileRef = 51CBA68B2767421B00CA4D57 /* CharacterDetailView.swift */; };
		51CBA68F276744AA00CA4D57 /* CharDetHeadLineView.swift in Sources */ = {isa = PBXBuildFile; fileRef = 51CBA68E276744AA00CA4D57 /* CharDetHeadLineView.swift */; };
		51CBA691276748B800CA4D57 /* CharDetRow.swift in Sources */ = {isa = PBXBuildFile; fileRef = 51CBA690276748B800CA4D57 /* CharDetRow.swift */; };
		51CBA69327676E3000CA4D57 /* AddCharModalView.swift in Sources */ = {isa = PBXBuildFile; fileRef = 51CBA69227676E3000CA4D57 /* AddCharModalView.swift */; };
/* End PBXBuildFile section */

/* Begin PBXFileReference section */
		511C995527650C2F009190E9 /* DataTest.swift */ = {isa = PBXFileReference; lastKnownFileType = sourcecode.swift; path = DataTest.swift; sourceTree = "<group>"; };
		512624942768963F00AD65C0 /* AddCharModalRowString.swift */ = {isa = PBXFileReference; lastKnownFileType = sourcecode.swift; path = AddCharModalRowString.swift; sourceTree = "<group>"; };
		512624962768BB8600AD65C0 /* AddCharModalRowInt.swift */ = {isa = PBXFileReference; lastKnownFileType = sourcecode.swift; path = AddCharModalRowInt.swift; sourceTree = "<group>"; };
		512BEB872763A41400698A06 /* DoesItHit5e.app */ = {isa = PBXFileReference; explicitFileType = wrapper.application; includeInIndex = 0; path = DoesItHit5e.app; sourceTree = BUILT_PRODUCTS_DIR; };
		512BEB8A2763A41400698A06 /* DoesItHit5eApp.swift */ = {isa = PBXFileReference; lastKnownFileType = sourcecode.swift; path = DoesItHit5eApp.swift; sourceTree = "<group>"; };
		512BEB8C2763A41400698A06 /* RootView.swift */ = {isa = PBXFileReference; lastKnownFileType = sourcecode.swift; path = RootView.swift; sourceTree = "<group>"; };
		512BEB8E2763A41500698A06 /* Assets.xcassets */ = {isa = PBXFileReference; lastKnownFileType = folder.assetcatalog; path = Assets.xcassets; sourceTree = "<group>"; };
		512BEB912763A41500698A06 /* Preview Assets.xcassets */ = {isa = PBXFileReference; lastKnownFileType = folder.assetcatalog; path = "Preview Assets.xcassets"; sourceTree = "<group>"; };
		512BEB9B2763AB3800698A06 /* CharactersView.swift */ = {isa = PBXFileReference; lastKnownFileType = sourcecode.swift; path = CharactersView.swift; sourceTree = "<group>"; };
		512BEB9D2763AB4800698A06 /* EncountersView.swift */ = {isa = PBXFileReference; lastKnownFileType = sourcecode.swift; path = EncountersView.swift; sourceTree = "<group>"; };
		512BEB9F2763AB5700698A06 /* CompendiumView.swift */ = {isa = PBXFileReference; lastKnownFileType = sourcecode.swift; path = CompendiumView.swift; sourceTree = "<group>"; };
		512BEBA12763AC1500698A06 /* Character.swift */ = {isa = PBXFileReference; lastKnownFileType = sourcecode.swift; path = Character.swift; sourceTree = "<group>"; };
		512BEBA32763B13800698A06 /* CharStore.swift */ = {isa = PBXFileReference; lastKnownFileType = sourcecode.swift; path = CharStore.swift; sourceTree = "<group>"; };
		512BEBA52763B5C600698A06 /* Compendium.swift */ = {isa = PBXFileReference; lastKnownFileType = sourcecode.swift; path = Compendium.swift; sourceTree = "<group>"; };
		512BEBA72763B5D400698A06 /* Items.swift */ = {isa = PBXFileReference; lastKnownFileType = sourcecode.swift; path = Items.swift; sourceTree = "<group>"; };
		512BEBA92763C5EA00698A06 /* CharacterRow.swift */ = {isa = PBXFileReference; lastKnownFileType = sourcecode.swift; path = CharacterRow.swift; sourceTree = "<group>"; };
		512D03FF276A741900532A4F /* CompendiumItemRow.swift */ = {isa = PBXFileReference; lastKnownFileType = sourcecode.swift; path = CompendiumItemRow.swift; sourceTree = "<group>"; };
		51CBA68B2767421B00CA4D57 /* CharacterDetailView.swift */ = {isa = PBXFileReference; lastKnownFileType = sourcecode.swift; path = CharacterDetailView.swift; sourceTree = "<group>"; };
		51CBA68E276744AA00CA4D57 /* CharDetHeadLineView.swift */ = {isa = PBXFileReference; lastKnownFileType = sourcecode.swift; path = CharDetHeadLineView.swift; sourceTree = "<group>"; };
		51CBA690276748B800CA4D57 /* CharDetRow.swift */ = {isa = PBXFileReference; lastKnownFileType = sourcecode.swift; path = CharDetRow.swift; sourceTree = "<group>"; };
		51CBA69227676E3000CA4D57 /* AddCharModalView.swift */ = {isa = PBXFileReference; lastKnownFileType = sourcecode.swift; path = AddCharModalView.swift; sourceTree = "<group>"; };
/* End PBXFileReference section */

/* Begin PBXFrameworksBuildPhase section */
		512BEB842763A41400698A06 /* Frameworks */ = {
			isa = PBXFrameworksBuildPhase;
			buildActionMask = 2147483647;
			files = (
			);
			runOnlyForDeploymentPostprocessing = 0;
		};
/* End PBXFrameworksBuildPhase section */

/* Begin PBXGroup section */
		512BEB7E2763A41400698A06 = {
			isa = PBXGroup;
			children = (
				512BEB892763A41400698A06 /* DoesItHit5e */,
				512BEB882763A41400698A06 /* Products */,
			);
			sourceTree = "<group>";
		};
		512BEB882763A41400698A06 /* Products */ = {
			isa = PBXGroup;
			children = (
				512BEB872763A41400698A06 /* DoesItHit5e.app */,
			);
			name = Products;
			sourceTree = "<group>";
		};
		512BEB892763A41400698A06 /* DoesItHit5e */ = {
			isa = PBXGroup;
			children = (
				512BEB9A2763A44D00698A06 /* Controller */,
				512BEB992763A43F00698A06 /* View */,
				512BEB982763A42D00698A06 /* Model */,
				512BEB8A2763A41400698A06 /* DoesItHit5eApp.swift */,
				512BEB8C2763A41400698A06 /* RootView.swift */,
				512BEB8E2763A41500698A06 /* Assets.xcassets */,
				512BEB902763A41500698A06 /* Preview Content */,
			);
			path = DoesItHit5e;
			sourceTree = "<group>";
		};
		512BEB902763A41500698A06 /* Preview Content */ = {
			isa = PBXGroup;
			children = (
				512BEB912763A41500698A06 /* Preview Assets.xcassets */,
			);
			path = "Preview Content";
			sourceTree = "<group>";
		};
		512BEB982763A42D00698A06 /* Model */ = {
			isa = PBXGroup;
			children = (
				512BEBA12763AC1500698A06 /* Character.swift */,
				512BEBA32763B13800698A06 /* CharStore.swift */,
				512BEBA52763B5C600698A06 /* Compendium.swift */,
				512BEBA72763B5D400698A06 /* Items.swift */,
				511C995527650C2F009190E9 /* DataTest.swift */,
			);
			path = Model;
			sourceTree = "<group>";
		};
		512BEB992763A43F00698A06 /* View */ = {
			isa = PBXGroup;
			children = (
				51CBA68D2767448200CA4D57 /* Utilities */,
				512BEB9B2763AB3800698A06 /* CharactersView.swift */,
				512BEB9D2763AB4800698A06 /* EncountersView.swift */,
				512BEB9F2763AB5700698A06 /* CompendiumView.swift */,
				51CBA68B2767421B00CA4D57 /* CharacterDetailView.swift */,
				51CBA69227676E3000CA4D57 /* AddCharModalView.swift */,
			);
			path = View;
			sourceTree = "<group>";
		};
		512BEB9A2763A44D00698A06 /* Controller */ = {
			isa = PBXGroup;
			children = (
			);
			path = Controller;
			sourceTree = "<group>";
		};
		51CBA68D2767448200CA4D57 /* Utilities */ = {
			isa = PBXGroup;
			children = (
				512BEBA92763C5EA00698A06 /* CharacterRow.swift */,
				51CBA68E276744AA00CA4D57 /* CharDetHeadLineView.swift */,
				51CBA690276748B800CA4D57 /* CharDetRow.swift */,
				512624942768963F00AD65C0 /* AddCharModalRowString.swift */,
				512624962768BB8600AD65C0 /* AddCharModalRowInt.swift */,
				512D03FF276A741900532A4F /* CompendiumItemRow.swift */,
			);
			path = Utilities;
			sourceTree = "<group>";
		};
/* End PBXGroup section */

/* Begin PBXNativeTarget section */
		512BEB862763A41400698A06 /* DoesItHit5e */ = {
			isa = PBXNativeTarget;
			buildConfigurationList = 512BEB952763A41500698A06 /* Build configuration list for PBXNativeTarget "DoesItHit5e" */;
			buildPhases = (
				512BEB832763A41400698A06 /* Sources */,
				512BEB842763A41400698A06 /* Frameworks */,
				512BEB852763A41400698A06 /* Resources */,
			);
			buildRules = (
			);
			dependencies = (
			);
			name = DoesItHit5e;
			productName = CompanionApp5e;
			productReference = 512BEB872763A41400698A06 /* DoesItHit5e.app */;
			productType = "com.apple.product-type.application";
		};
/* End PBXNativeTarget section */

/* Begin PBXProject section */
		512BEB7F2763A41400698A06 /* Project object */ = {
			isa = PBXProject;
			attributes = {
				BuildIndependentTargetsInParallel = 1;
				LastSwiftUpdateCheck = 1310;
				LastUpgradeCheck = 1310;
				TargetAttributes = {
					512BEB862763A41400698A06 = {
						CreatedOnToolsVersion = 13.1;
					};
				};
			};
			buildConfigurationList = 512BEB822763A41400698A06 /* Build configuration list for PBXProject "DoesItHit5e" */;
			compatibilityVersion = "Xcode 13.0";
			developmentRegion = en;
			hasScannedForEncodings = 0;
			knownRegions = (
				en,
				Base,
			);
			mainGroup = 512BEB7E2763A41400698A06;
			productRefGroup = 512BEB882763A41400698A06 /* Products */;
			projectDirPath = "";
			projectRoot = "";
			targets = (
				512BEB862763A41400698A06 /* DoesItHit5e */,
			);
		};
/* End PBXProject section */

/* Begin PBXResourcesBuildPhase section */
		512BEB852763A41400698A06 /* Resources */ = {
			isa = PBXResourcesBuildPhase;
			buildActionMask = 2147483647;
			files = (
				512BEB922763A41500698A06 /* Preview Assets.xcassets in Resources */,
				512BEB8F2763A41500698A06 /* Assets.xcassets in Resources */,
			);
			runOnlyForDeploymentPostprocessing = 0;
		};
/* End PBXResourcesBuildPhase section */

/* Begin PBXSourcesBuildPhase section */
		512BEB832763A41400698A06 /* Sources */ = {
			isa = PBXSourcesBuildPhase;
			buildActionMask = 2147483647;
			files = (
				512BEBAA2763C5EA00698A06 /* CharacterRow.swift in Sources */,
				512BEB9E2763AB4800698A06 /* EncountersView.swift in Sources */,
				512BEBA82763B5D400698A06 /* Items.swift in Sources */,
				51CBA68C2767421B00CA4D57 /* CharacterDetailView.swift in Sources */,
				512D0400276A741900532A4F /* CompendiumItemRow.swift in Sources */,
				51CBA691276748B800CA4D57 /* CharDetRow.swift in Sources */,
				512BEB8D2763A41400698A06 /* RootView.swift in Sources */,
				512624972768BB8600AD65C0 /* AddCharModalRowInt.swift in Sources */,
				51CBA68F276744AA00CA4D57 /* CharDetHeadLineView.swift in Sources */,
				512BEB8B2763A41400698A06 /* DoesItHit5eApp.swift in Sources */,
				512BEBA22763AC1500698A06 /* Character.swift in Sources */,
				512BEBA62763B5C600698A06 /* Compendium.swift in Sources */,
				512BEB9C2763AB3800698A06 /* CharactersView.swift in Sources */,
				511C995627650C2F009190E9 /* DataTest.swift in Sources */,
				512624952768963F00AD65C0 /* AddCharModalRowString.swift in Sources */,
				512BEBA02763AB5700698A06 /* CompendiumView.swift in Sources */,
				51CBA69327676E3000CA4D57 /* AddCharModalView.swift in Sources */,
				512BEBA42763B13800698A06 /* CharStore.swift in Sources */,
			);
			runOnlyForDeploymentPostprocessing = 0;
		};
/* End PBXSourcesBuildPhase section */

/* Begin XCBuildConfiguration section */
		512BEB932763A41500698A06 /* Debug */ = {
			isa = XCBuildConfiguration;
			buildSettings = {
				ALWAYS_SEARCH_USER_PATHS = NO;
				CLANG_ANALYZER_NONNULL = YES;
				CLANG_ANALYZER_NUMBER_OBJECT_CONVERSION = YES_AGGRESSIVE;
				CLANG_CXX_LANGUAGE_STANDARD = "gnu++17";
				CLANG_CXX_LIBRARY = "libc++";
				CLANG_ENABLE_MODULES = YES;
				CLANG_ENABLE_OBJC_ARC = YES;
				CLANG_ENABLE_OBJC_WEAK = YES;
				CLANG_WARN_BLOCK_CAPTURE_AUTORELEASING = YES;
				CLANG_WARN_BOOL_CONVERSION = YES;
				CLANG_WARN_COMMA = YES;
				CLANG_WARN_CONSTANT_CONVERSION = YES;
				CLANG_WARN_DEPRECATED_OBJC_IMPLEMENTATIONS = YES;
				CLANG_WARN_DIRECT_OBJC_ISA_USAGE = YES_ERROR;
				CLANG_WARN_DOCUMENTATION_COMMENTS = YES;
				CLANG_WARN_EMPTY_BODY = YES;
				CLANG_WARN_ENUM_CONVERSION = YES;
				CLANG_WARN_INFINITE_RECURSION = YES;
				CLANG_WARN_INT_CONVERSION = YES;
				CLANG_WARN_NON_LITERAL_NULL_CONVERSION = YES;
				CLANG_WARN_OBJC_IMPLICIT_RETAIN_SELF = YES;
				CLANG_WARN_OBJC_LITERAL_CONVERSION = YES;
				CLANG_WARN_OBJC_ROOT_CLASS = YES_ERROR;
				CLANG_WARN_QUOTED_INCLUDE_IN_FRAMEWORK_HEADER = YES;
				CLANG_WARN_RANGE_LOOP_ANALYSIS = YES;
				CLANG_WARN_STRICT_PROTOTYPES = YES;
				CLANG_WARN_SUSPICIOUS_MOVE = YES;
				CLANG_WARN_UNGUARDED_AVAILABILITY = YES_AGGRESSIVE;
				CLANG_WARN_UNREACHABLE_CODE = YES;
				CLANG_WARN__DUPLICATE_METHOD_MATCH = YES;
				COPY_PHASE_STRIP = NO;
				DEBUG_INFORMATION_FORMAT = dwarf;
				ENABLE_STRICT_OBJC_MSGSEND = YES;
				ENABLE_TESTABILITY = YES;
				GCC_C_LANGUAGE_STANDARD = gnu11;
				GCC_DYNAMIC_NO_PIC = NO;
				GCC_NO_COMMON_BLOCKS = YES;
				GCC_OPTIMIZATION_LEVEL = 0;
				GCC_PREPROCESSOR_DEFINITIONS = (
					"DEBUG=1",
					"$(inherited)",
				);
				GCC_WARN_64_TO_32_BIT_CONVERSION = YES;
				GCC_WARN_ABOUT_RETURN_TYPE = YES_ERROR;
				GCC_WARN_UNDECLARED_SELECTOR = YES;
				GCC_WARN_UNINITIALIZED_AUTOS = YES_AGGRESSIVE;
				GCC_WARN_UNUSED_FUNCTION = YES;
				GCC_WARN_UNUSED_VARIABLE = YES;
				IPHONEOS_DEPLOYMENT_TARGET = 15.0;
				MTL_ENABLE_DEBUG_INFO = INCLUDE_SOURCE;
				MTL_FAST_MATH = YES;
				ONLY_ACTIVE_ARCH = YES;
				SDKROOT = iphoneos;
				SWIFT_ACTIVE_COMPILATION_CONDITIONS = DEBUG;
				SWIFT_OPTIMIZATION_LEVEL = "-Onone";
			};
			name = Debug;
		};
		512BEB942763A41500698A06 /* Release */ = {
			isa = XCBuildConfiguration;
			buildSettings = {
				ALWAYS_SEARCH_USER_PATHS = NO;
				CLANG_ANALYZER_NONNULL = YES;
				CLANG_ANALYZER_NUMBER_OBJECT_CONVERSION = YES_AGGRESSIVE;
				CLANG_CXX_LANGUAGE_STANDARD = "gnu++17";
				CLANG_CXX_LIBRARY = "libc++";
				CLANG_ENABLE_MODULES = YES;
				CLANG_ENABLE_OBJC_ARC = YES;
				CLANG_ENABLE_OBJC_WEAK = YES;
				CLANG_WARN_BLOCK_CAPTURE_AUTORELEASING = YES;
				CLANG_WARN_BOOL_CONVERSION = YES;
				CLANG_WARN_COMMA = YES;
				CLANG_WARN_CONSTANT_CONVERSION = YES;
				CLANG_WARN_DEPRECATED_OBJC_IMPLEMENTATIONS = YES;
				CLANG_WARN_DIRECT_OBJC_ISA_USAGE = YES_ERROR;
				CLANG_WARN_DOCUMENTATION_COMMENTS = YES;
				CLANG_WARN_EMPTY_BODY = YES;
				CLANG_WARN_ENUM_CONVERSION = YES;
				CLANG_WARN_INFINITE_RECURSION = YES;
				CLANG_WARN_INT_CONVERSION = YES;
				CLANG_WARN_NON_LITERAL_NULL_CONVERSION = YES;
				CLANG_WARN_OBJC_IMPLICIT_RETAIN_SELF = YES;
				CLANG_WARN_OBJC_LITERAL_CONVERSION = YES;
				CLANG_WARN_OBJC_ROOT_CLASS = YES_ERROR;
				CLANG_WARN_QUOTED_INCLUDE_IN_FRAMEWORK_HEADER = YES;
				CLANG_WARN_RANGE_LOOP_ANALYSIS = YES;
				CLANG_WARN_STRICT_PROTOTYPES = YES;
				CLANG_WARN_SUSPICIOUS_MOVE = YES;
				CLANG_WARN_UNGUARDED_AVAILABILITY = YES_AGGRESSIVE;
				CLANG_WARN_UNREACHABLE_CODE = YES;
				CLANG_WARN__DUPLICATE_METHOD_MATCH = YES;
				COPY_PHASE_STRIP = NO;
				DEBUG_INFORMATION_FORMAT = "dwarf-with-dsym";
				ENABLE_NS_ASSERTIONS = NO;
				ENABLE_STRICT_OBJC_MSGSEND = YES;
				GCC_C_LANGUAGE_STANDARD = gnu11;
				GCC_NO_COMMON_BLOCKS = YES;
				GCC_WARN_64_TO_32_BIT_CONVERSION = YES;
				GCC_WARN_ABOUT_RETURN_TYPE = YES_ERROR;
				GCC_WARN_UNDECLARED_SELECTOR = YES;
				GCC_WARN_UNINITIALIZED_AUTOS = YES_AGGRESSIVE;
				GCC_WARN_UNUSED_FUNCTION = YES;
				GCC_WARN_UNUSED_VARIABLE = YES;
				IPHONEOS_DEPLOYMENT_TARGET = 15.0;
				MTL_ENABLE_DEBUG_INFO = NO;
				MTL_FAST_MATH = YES;
				SDKROOT = iphoneos;
				SWIFT_COMPILATION_MODE = wholemodule;
				SWIFT_OPTIMIZATION_LEVEL = "-O";
				VALIDATE_PRODUCT = YES;
			};
			name = Release;
		};
		512BEB962763A41500698A06 /* Debug */ = {
			isa = XCBuildConfiguration;
			buildSettings = {
				ASSETCATALOG_COMPILER_APPICON_NAME = AppIcon;
				ASSETCATALOG_COMPILER_GLOBAL_ACCENT_COLOR_NAME = AccentColor;
				CODE_SIGN_STYLE = Automatic;
				CURRENT_PROJECT_VERSION = 1;
				DEVELOPMENT_ASSET_PATHS = "\"CompanionApp5e/Preview Content\"";
				DEVELOPMENT_TEAM = SA4H49C4LT;
				ENABLE_PREVIEWS = YES;
				GENERATE_INFOPLIST_FILE = YES;
				INFOPLIST_KEY_UIApplicationSceneManifest_Generation = YES;
				INFOPLIST_KEY_UIApplicationSupportsIndirectInputEvents = YES;
				INFOPLIST_KEY_UILaunchScreen_Generation = YES;
				INFOPLIST_KEY_UISupportedInterfaceOrientations = UIInterfaceOrientationPortrait;
				INFOPLIST_KEY_UISupportedInterfaceOrientations_iPad = "UIInterfaceOrientationPortrait UIInterfaceOrientationPortraitUpsideDown UIInterfaceOrientationLandscapeLeft UIInterfaceOrientationLandscapeRight";
				INFOPLIST_KEY_UISupportedInterfaceOrientations_iPhone = "UIInterfaceOrientationPortrait UIInterfaceOrientationLandscapeLeft UIInterfaceOrientationLandscapeRight";
				LD_RUNPATH_SEARCH_PATHS = (
					"$(inherited)",
					"@executable_path/Frameworks",
				);
				MARKETING_VERSION = 1.0;
				PRODUCT_BUNDLE_IDENTIFIER = AlphaDraconis.DoesItHit5e;
				PRODUCT_NAME = DoesItHit5e;
				SWIFT_EMIT_LOC_STRINGS = YES;
				SWIFT_VERSION = 5.0;
				TARGETED_DEVICE_FAMILY = "1,2";
			};
			name = Debug;
		};
		512BEB972763A41500698A06 /* Release */ = {
			isa = XCBuildConfiguration;
			buildSettings = {
				ASSETCATALOG_COMPILER_APPICON_NAME = AppIcon;
				ASSETCATALOG_COMPILER_GLOBAL_ACCENT_COLOR_NAME = AccentColor;
				CODE_SIGN_STYLE = Automatic;
				CURRENT_PROJECT_VERSION = 1;
				DEVELOPMENT_ASSET_PATHS = "\"CompanionApp5e/Preview Content\"";
				DEVELOPMENT_TEAM = SA4H49C4LT;
				ENABLE_PREVIEWS = YES;
				GENERATE_INFOPLIST_FILE = YES;
				INFOPLIST_KEY_UIApplicationSceneManifest_Generation = YES;
				INFOPLIST_KEY_UIApplicationSupportsIndirectInputEvents = YES;
				INFOPLIST_KEY_UILaunchScreen_Generation = YES;
				INFOPLIST_KEY_UISupportedInterfaceOrientations = UIInterfaceOrientationPortrait;
				INFOPLIST_KEY_UISupportedInterfaceOrientations_iPad = "UIInterfaceOrientationPortrait UIInterfaceOrientationPortraitUpsideDown UIInterfaceOrientationLandscapeLeft UIInterfaceOrientationLandscapeRight";
				INFOPLIST_KEY_UISupportedInterfaceOrientations_iPhone = "UIInterfaceOrientationPortrait UIInterfaceOrientationLandscapeLeft UIInterfaceOrientationLandscapeRight";
				LD_RUNPATH_SEARCH_PATHS = (
					"$(inherited)",
					"@executable_path/Frameworks",
				);
				MARKETING_VERSION = 1.0;
				PRODUCT_BUNDLE_IDENTIFIER = AlphaDraconis.DoesItHit5e;
				PRODUCT_NAME = DoesItHit5e;
				SWIFT_EMIT_LOC_STRINGS = YES;
				SWIFT_VERSION = 5.0;
				TARGETED_DEVICE_FAMILY = "1,2";
			};
			name = Release;
		};
/* End XCBuildConfiguration section */

/* Begin XCConfigurationList section */
		512BEB822763A41400698A06 /* Build configuration list for PBXProject "DoesItHit5e" */ = {
			isa = XCConfigurationList;
			buildConfigurations = (
				512BEB932763A41500698A06 /* Debug */,
				512BEB942763A41500698A06 /* Release */,
			);
			defaultConfigurationIsVisible = 0;
			defaultConfigurationName = Release;
		};
		512BEB952763A41500698A06 /* Build configuration list for PBXNativeTarget "DoesItHit5e" */ = {
			isa = XCConfigurationList;
			buildConfigurations = (
				512BEB962763A41500698A06 /* Debug */,
				512BEB972763A41500698A06 /* Release */,
			);
			defaultConfigurationIsVisible = 0;
			defaultConfigurationName = Release;
		};
/* End XCConfigurationList section */
	};
	rootObject = 512BEB7F2763A41400698A06 /* Project object */;
}
